
Microsoft Visual Studio Solution File, Format Version 12.00
# Visual Studio Version 16
VisualStudioVersion = 16.0.30320.27
MinimumVisualStudioVersion = 10.0.40219.1
Project("{FAE04EC0-301F-11D3-BF4B-00C04F79EFBC}") = "WebApplication2", "WebApplication2.csproj", "{A9F654D1-F70E-4D9E-A474-96B4330A4461}"
EndProject
Global
	GlobalSection(SolutionConfigurationPlatforms) = preSolution
		Debug|Any CPU = Debug|Any CPU
		Release|Any CPU = Release|Any CPU
	EndGlobalSection
	GlobalSection(ProjectConfigurationPlatforms) = postSolution
		{A9F654D1-F70E-4D9E-A474-96B4330A4461}.Debug|Any CPU.ActiveCfg = Debug|Any CPU
		{A9F654D1-F70E-4D9E-A474-96B4330A4461}.Debug|Any CPU.Build.0 = Debug|Any CPU
		{A9F654D1-F70E-4D9E-A474-96B4330A4461}.Release|Any CPU.ActiveCfg = Release|Any CPU
		{A9F654D1-F70E-4D9E-A474-96B4330A4461}.Release|Any CPU.Build.0 = Release|Any CPU
	EndGlobalSection
	GlobalSection(SolutionProperties) = preSolution
		HideSolutionNode = FALSE
	EndGlobalSection
	GlobalSection(ExtensibilityGlobals) = postSolution
		SolutionGuid = {F2E5FF82-E1C8-4372-B31B-F5C8456B51A8}
	EndGlobalSection
EndGlobal
